// !$*UTF8*$!
{
	archiveVersion = 1;
	classes = {
	};
	objectVersion = 50;
	objects = {

/* Begin PBXBuildFile section */
		675424E62129DB9B003D5018 /* AppDelegate.swift in Sources */ = {isa = PBXBuildFile; fileRef = 675424E52129DB9B003D5018 /* AppDelegate.swift */; };
		675424E82129DB9B003D5018 /* ViewController.swift in Sources */ = {isa = PBXBuildFile; fileRef = 675424E72129DB9B003D5018 /* ViewController.swift */; };
		675424EB2129DB9B003D5018 /* Main.storyboard in Resources */ = {isa = PBXBuildFile; fileRef = 675424E92129DB9B003D5018 /* Main.storyboard */; };
		675424EE2129DB9B003D5018 /* PinsAndPhotos.xcdatamodeld in Sources */ = {isa = PBXBuildFile; fileRef = 675424EC2129DB9B003D5018 /* PinsAndPhotos.xcdatamodeld */; };
		675424F02129DB9E003D5018 /* Assets.xcassets in Resources */ = {isa = PBXBuildFile; fileRef = 675424EF2129DB9E003D5018 /* Assets.xcassets */; };
		675424F32129DB9E003D5018 /* LaunchScreen.storyboard in Resources */ = {isa = PBXBuildFile; fileRef = 675424F12129DB9E003D5018 /* LaunchScreen.storyboard */; };
		675424FD2129E751003D5018 /* LocationsMapViewController.swift in Sources */ = {isa = PBXBuildFile; fileRef = 675424FC2129E751003D5018 /* LocationsMapViewController.swift */; };
		675425022129ECEF003D5018 /* Constants.swift in Sources */ = {isa = PBXBuildFile; fileRef = 675425012129ECEF003D5018 /* Constants.swift */; };
		675425062129EDDE003D5018 /* MyMKPointAnnotation.swift in Sources */ = {isa = PBXBuildFile; fileRef = 675425052129EDDE003D5018 /* MyMKPointAnnotation.swift */; };
		675425082129EE05003D5018 /* Networking.swift in Sources */ = {isa = PBXBuildFile; fileRef = 675425072129EE05003D5018 /* Networking.swift */; };
		6754250A2129EE39003D5018 /* CoreData.swift in Sources */ = {isa = PBXBuildFile; fileRef = 675425092129EE39003D5018 /* CoreData.swift */; };
		6754250C2129EE65003D5018 /* FlickrAPI.swift in Sources */ = {isa = PBXBuildFile; fileRef = 6754250B2129EE65003D5018 /* FlickrAPI.swift */; };
		6754250E2129EE9D003D5018 /* FlickrImageCollectionViewCell.swift in Sources */ = {isa = PBXBuildFile; fileRef = 6754250D2129EE9D003D5018 /* FlickrImageCollectionViewCell.swift */; };
		675425102129EEDC003D5018 /* MapController.swift in Sources */ = {isa = PBXBuildFile; fileRef = 6754250F2129EEDC003D5018 /* MapController.swift */; };
		675425122129EF17003D5018 /* PinDetailViewController.swift in Sources */ = {isa = PBXBuildFile; fileRef = 675425112129EF17003D5018 /* PinDetailViewController.swift */; };
/* End PBXBuildFile section */

/* Begin PBXFileReference section */
		675424E22129DB9B003D5018 /* Project6_Udacity_VirtualTourist.app */ = {isa = PBXFileReference; explicitFileType = wrapper.application; includeInIndex = 0; path = Project6_Udacity_VirtualTourist.app; sourceTree = BUILT_PRODUCTS_DIR; };
		675424E52129DB9B003D5018 /* AppDelegate.swift */ = {isa = PBXFileReference; lastKnownFileType = sourcecode.swift; path = AppDelegate.swift; sourceTree = "<group>"; };
		675424E72129DB9B003D5018 /* ViewController.swift */ = {isa = PBXFileReference; lastKnownFileType = sourcecode.swift; path = ViewController.swift; sourceTree = "<group>"; };
		675424EA2129DB9B003D5018 /* Base */ = {isa = PBXFileReference; lastKnownFileType = file.storyboard; name = Base; path = Base.lproj/Main.storyboard; sourceTree = "<group>"; };
		675424ED2129DB9B003D5018 /* Project6_Udacity_VirtualTourist.xcdatamodel */ = {isa = PBXFileReference; lastKnownFileType = wrapper.xcdatamodel; path = Project6_Udacity_VirtualTourist.xcdatamodel; sourceTree = "<group>"; };
		675424EF2129DB9E003D5018 /* Assets.xcassets */ = {isa = PBXFileReference; lastKnownFileType = folder.assetcatalog; path = Assets.xcassets; sourceTree = "<group>"; };
		675424F22129DB9E003D5018 /* Base */ = {isa = PBXFileReference; lastKnownFileType = file.storyboard; name = Base; path = Base.lproj/LaunchScreen.storyboard; sourceTree = "<group>"; };
		675424F42129DB9E003D5018 /* Info.plist */ = {isa = PBXFileReference; lastKnownFileType = text.plist.xml; path = Info.plist; sourceTree = "<group>"; };
		675424FC2129E751003D5018 /* LocationsMapViewController.swift */ = {isa = PBXFileReference; lastKnownFileType = sourcecode.swift; path = LocationsMapViewController.swift; sourceTree = "<group>"; };
		675425012129ECEF003D5018 /* Constants.swift */ = {isa = PBXFileReference; lastKnownFileType = sourcecode.swift; path = Constants.swift; sourceTree = "<group>"; };
		675425052129EDDE003D5018 /* MyMKPointAnnotation.swift */ = {isa = PBXFileReference; lastKnownFileType = sourcecode.swift; path = MyMKPointAnnotation.swift; sourceTree = "<group>"; };
		675425072129EE05003D5018 /* Networking.swift */ = {isa = PBXFileReference; lastKnownFileType = sourcecode.swift; path = Networking.swift; sourceTree = "<group>"; };
		675425092129EE39003D5018 /* CoreData.swift */ = {isa = PBXFileReference; lastKnownFileType = sourcecode.swift; path = CoreData.swift; sourceTree = "<group>"; };
		6754250B2129EE65003D5018 /* FlickrAPI.swift */ = {isa = PBXFileReference; lastKnownFileType = sourcecode.swift; path = FlickrAPI.swift; sourceTree = "<group>"; };
		6754250D2129EE9D003D5018 /* FlickrImageCollectionViewCell.swift */ = {isa = PBXFileReference; lastKnownFileType = sourcecode.swift; path = FlickrImageCollectionViewCell.swift; sourceTree = "<group>"; };
		6754250F2129EEDC003D5018 /* MapController.swift */ = {isa = PBXFileReference; lastKnownFileType = sourcecode.swift; path = MapController.swift; sourceTree = "<group>"; };
		675425112129EF17003D5018 /* PinDetailViewController.swift */ = {isa = PBXFileReference; lastKnownFileType = sourcecode.swift; path = PinDetailViewController.swift; sourceTree = "<group>"; };
/* End PBXFileReference section */

/* Begin PBXFrameworksBuildPhase section */
		675424DF2129DB9B003D5018 /* Frameworks */ = {
			isa = PBXFrameworksBuildPhase;
			buildActionMask = 2147483647;
			files = (
			);
			runOnlyForDeploymentPostprocessing = 0;
		};
/* End PBXFrameworksBuildPhase section */

/* Begin PBXGroup section */
		675424D92129DB9A003D5018 = {
			isa = PBXGroup;
			children = (
				675424E42129DB9B003D5018 /* Project6_Udacity_VirtualTourist */,
				675424E32129DB9B003D5018 /* Products */,
			);
			sourceTree = "<group>";
		};
		675424E32129DB9B003D5018 /* Products */ = {
			isa = PBXGroup;
			children = (
				675424E22129DB9B003D5018 /* Project6_Udacity_VirtualTourist.app */,
			);
			name = Products;
			sourceTree = "<group>";
		};
		675424E42129DB9B003D5018 /* Project6_Udacity_VirtualTourist */ = {
			isa = PBXGroup;
			children = (
				675424FB2129E741003D5018 /* Model */,
				675424FE2129EAC2003D5018 /* Flickr API */,
				675424FA2129E739003D5018 /* View */,
				675424E52129DB9B003D5018 /* AppDelegate.swift */,
				675424E72129DB9B003D5018 /* ViewController.swift */,
				675424E92129DB9B003D5018 /* Main.storyboard */,
				675424EF2129DB9E003D5018 /* Assets.xcassets */,
				675424F12129DB9E003D5018 /* LaunchScreen.storyboard */,
				675424F42129DB9E003D5018 /* Info.plist */,
				675424EC2129DB9B003D5018 /* PinsAndPhotos.xcdatamodeld */,
			);
			path = Project6_Udacity_VirtualTourist;
			sourceTree = "<group>";
		};
		675424FA2129E739003D5018 /* View */ = {
			isa = PBXGroup;
			children = (
			);
			path = View;
			sourceTree = "<group>";
		};
		675424FB2129E741003D5018 /* Model */ = {
			isa = PBXGroup;
			children = (
				675424FC2129E751003D5018 /* LocationsMapViewController.swift */,
				6754250F2129EEDC003D5018 /* MapController.swift */,
				675425112129EF17003D5018 /* PinDetailViewController.swift */,
			);
			path = Model;
			sourceTree = "<group>";
		};
		675424FE2129EAC2003D5018 /* Flickr API */ = {
			isa = PBXGroup;
			children = (
				675425012129ECEF003D5018 /* Constants.swift */,
				675425052129EDDE003D5018 /* MyMKPointAnnotation.swift */,
				675425072129EE05003D5018 /* Networking.swift */,
				675425092129EE39003D5018 /* CoreData.swift */,
				6754250B2129EE65003D5018 /* FlickrAPI.swift */,
				6754250D2129EE9D003D5018 /* FlickrImageCollectionViewCell.swift */,
			);
			path = "Flickr API";
			sourceTree = "<group>";
		};
/* End PBXGroup section */

/* Begin PBXNativeTarget section */
		675424E12129DB9B003D5018 /* Project6_Udacity_VirtualTourist */ = {
			isa = PBXNativeTarget;
			buildConfigurationList = 675424F72129DB9E003D5018 /* Build configuration list for PBXNativeTarget "Project6_Udacity_VirtualTourist" */;
			buildPhases = (
				675424DE2129DB9B003D5018 /* Sources */,
				675424DF2129DB9B003D5018 /* Frameworks */,
				675424E02129DB9B003D5018 /* Resources */,
			);
			buildRules = (
			);
			dependencies = (
			);
			name = Project6_Udacity_VirtualTourist;
			productName = Project6_Udacity_VirtualTourist;
			productReference = 675424E22129DB9B003D5018 /* Project6_Udacity_VirtualTourist.app */;
			productType = "com.apple.product-type.application";
		};
/* End PBXNativeTarget section */

/* Begin PBXProject section */
		675424DA2129DB9A003D5018 /* Project object */ = {
			isa = PBXProject;
			attributes = {
				LastSwiftUpdateCheck = 0940;
				LastUpgradeCheck = 0940;
				ORGANIZATIONNAME = "Franziska Kammerl";
				TargetAttributes = {
					675424E12129DB9B003D5018 = {
						CreatedOnToolsVersion = 9.4.1;
					};
				};
			};
			buildConfigurationList = 675424DD2129DB9A003D5018 /* Build configuration list for PBXProject "Project6_Udacity_VirtualTourist" */;
			compatibilityVersion = "Xcode 9.3";
			developmentRegion = en;
			hasScannedForEncodings = 0;
			knownRegions = (
				en,
				Base,
			);
			mainGroup = 675424D92129DB9A003D5018;
			productRefGroup = 675424E32129DB9B003D5018 /* Products */;
			projectDirPath = "";
			projectRoot = "";
			targets = (
				675424E12129DB9B003D5018 /* Project6_Udacity_VirtualTourist */,
			);
		};
/* End PBXProject section */

/* Begin PBXResourcesBuildPhase section */
		675424E02129DB9B003D5018 /* Resources */ = {
			isa = PBXResourcesBuildPhase;
			buildActionMask = 2147483647;
			files = (
				675424F32129DB9E003D5018 /* LaunchScreen.storyboard in Resources */,
				675424F02129DB9E003D5018 /* Assets.xcassets in Resources */,
				675424EB2129DB9B003D5018 /* Main.storyboard in Resources */,
			);
			runOnlyForDeploymentPostprocessing = 0;
		};
/* End PBXResourcesBuildPhase section */

/* Begin PBXSourcesBuildPhase section */
		675424DE2129DB9B003D5018 /* Sources */ = {
			isa = PBXSourcesBuildPhase;
			buildActionMask = 2147483647;
			files = (
				675424E82129DB9B003D5018 /* ViewController.swift in Sources */,
				675425122129EF17003D5018 /* PinDetailViewController.swift in Sources */,
				675425102129EEDC003D5018 /* MapController.swift in Sources */,
				675424FD2129E751003D5018 /* LocationsMapViewController.swift in Sources */,
				675425082129EE05003D5018 /* Networking.swift in Sources */,
				6754250C2129EE65003D5018 /* FlickrAPI.swift in Sources */,
				6754250A2129EE39003D5018 /* CoreData.swift in Sources */,
				675424EE2129DB9B003D5018 /* PinsAndPhotos.xcdatamodeld in Sources */,
				6754250E2129EE9D003D5018 /* FlickrImageCollectionViewCell.swift in Sources */,
				675424E62129DB9B003D5018 /* AppDelegate.swift in Sources */,
				675425022129ECEF003D5018 /* Constants.swift in Sources */,
				675425062129EDDE003D5018 /* MyMKPointAnnotation.swift in Sources */,
			);
			runOnlyForDeploymentPostprocessing = 0;
		};
/* End PBXSourcesBuildPhase section */

/* Begin PBXVariantGroup section */
		675424E92129DB9B003D5018 /* Main.storyboard */ = {
			isa = PBXVariantGroup;
			children = (
				675424EA2129DB9B003D5018 /* Base */,
			);
			name = Main.storyboard;
			sourceTree = "<group>";
		};
		675424F12129DB9E003D5018 /* LaunchScreen.storyboard */ = {
			isa = PBXVariantGroup;
			children = (
				675424F22129DB9E003D5018 /* Base */,
			);
			name = LaunchScreen.storyboard;
			sourceTree = "<group>";
		};
/* End PBXVariantGroup section */

/* Begin XCBuildConfiguration section */
		675424F52129DB9E003D5018 /* Debug */ = {
			isa = XCBuildConfiguration;
			buildSettings = {
				ALWAYS_SEARCH_USER_PATHS = NO;
				CLANG_ANALYZER_NONNULL = YES;
				CLANG_ANALYZER_NUMBER_OBJECT_CONVERSION = YES_AGGRESSIVE;
				CLANG_CXX_LANGUAGE_STANDARD = "gnu++14";
				CLANG_CXX_LIBRARY = "libc++";
				CLANG_ENABLE_MODULES = YES;
				CLANG_ENABLE_OBJC_ARC = YES;
				CLANG_ENABLE_OBJC_WEAK = YES;
				CLANG_WARN_BLOCK_CAPTURE_AUTORELEASING = YES;
				CLANG_WARN_BOOL_CONVERSION = YES;
				CLANG_WARN_COMMA = YES;
				CLANG_WARN_CONSTANT_CONVERSION = YES;
				CLANG_WARN_DEPRECATED_OBJC_IMPLEMENTATIONS = YES;
				CLANG_WARN_DIRECT_OBJC_ISA_USAGE = YES_ERROR;
				CLANG_WARN_DOCUMENTATION_COMMENTS = YES;
				CLANG_WARN_EMPTY_BODY = YES;
				CLANG_WARN_ENUM_CONVERSION = YES;
				CLANG_WARN_INFINITE_RECURSION = YES;
				CLANG_WARN_INT_CONVERSION = YES;
				CLANG_WARN_NON_LITERAL_NULL_CONVERSION = YES;
				CLANG_WARN_OBJC_IMPLICIT_RETAIN_SELF = YES;
				CLANG_WARN_OBJC_LITERAL_CONVERSION = YES;
				CLANG_WARN_OBJC_ROOT_CLASS = YES_ERROR;
				CLANG_WARN_RANGE_LOOP_ANALYSIS = YES;
				CLANG_WARN_STRICT_PROTOTYPES = YES;
				CLANG_WARN_SUSPICIOUS_MOVE = YES;
				CLANG_WARN_UNGUARDED_AVAILABILITY = YES_AGGRESSIVE;
				CLANG_WARN_UNREACHABLE_CODE = YES;
				CLANG_WARN__DUPLICATE_METHOD_MATCH = YES;
				CODE_SIGN_IDENTITY = "iPhone Developer";
				COPY_PHASE_STRIP = NO;
				DEBUG_INFORMATION_FORMAT = dwarf;
				ENABLE_STRICT_OBJC_MSGSEND = YES;
				ENABLE_TESTABILITY = YES;
				GCC_C_LANGUAGE_STANDARD = gnu11;
				GCC_DYNAMIC_NO_PIC = NO;
				GCC_NO_COMMON_BLOCKS = YES;
				GCC_OPTIMIZATION_LEVEL = 0;
				GCC_PREPROCESSOR_DEFINITIONS = (
					"DEBUG=1",
					"$(inherited)",
				);
				GCC_WARN_64_TO_32_BIT_CONVERSION = YES;
				GCC_WARN_ABOUT_RETURN_TYPE = YES_ERROR;
				GCC_WARN_UNDECLARED_SELECTOR = YES;
				GCC_WARN_UNINITIALIZED_AUTOS = YES_AGGRESSIVE;
				GCC_WARN_UNUSED_FUNCTION = YES;
				GCC_WARN_UNUSED_VARIABLE = YES;
				IPHONEOS_DEPLOYMENT_TARGET = 11.4;
				MTL_ENABLE_DEBUG_INFO = YES;
				ONLY_ACTIVE_ARCH = YES;
				SDKROOT = iphoneos;
				SWIFT_ACTIVE_COMPILATION_CONDITIONS = DEBUG;
				SWIFT_OPTIMIZATION_LEVEL = "-Onone";
			};
			name = Debug;
		};
		675424F62129DB9E003D5018 /* Release */ = {
			isa = XCBuildConfiguration;
			buildSettings = {
				ALWAYS_SEARCH_USER_PATHS = NO;
				CLANG_ANALYZER_NONNULL = YES;
				CLANG_ANALYZER_NUMBER_OBJECT_CONVERSION = YES_AGGRESSIVE;
				CLANG_CXX_LANGUAGE_STANDARD = "gnu++14";
				CLANG_CXX_LIBRARY = "libc++";
				CLANG_ENABLE_MODULES = YES;
				CLANG_ENABLE_OBJC_ARC = YES;
				CLANG_ENABLE_OBJC_WEAK = YES;
				CLANG_WARN_BLOCK_CAPTURE_AUTORELEASING = YES;
				CLANG_WARN_BOOL_CONVERSION = YES;
				CLANG_WARN_COMMA = YES;
				CLANG_WARN_CONSTANT_CONVERSION = YES;
				CLANG_WARN_DEPRECATED_OBJC_IMPLEMENTATIONS = YES;
				CLANG_WARN_DIRECT_OBJC_ISA_USAGE = YES_ERROR;
				CLANG_WARN_DOCUMENTATION_COMMENTS = YES;
				CLANG_WARN_EMPTY_BODY = YES;
				CLANG_WARN_ENUM_CONVERSION = YES;
				CLANG_WARN_INFINITE_RECURSION = YES;
				CLANG_WARN_INT_CONVERSION = YES;
				CLANG_WARN_NON_LITERAL_NULL_CONVERSION = YES;
				CLANG_WARN_OBJC_IMPLICIT_RETAIN_SELF = YES;
				CLANG_WARN_OBJC_LITERAL_CONVERSION = YES;
				CLANG_WARN_OBJC_ROOT_CLASS = YES_ERROR;
				CLANG_WARN_RANGE_LOOP_ANALYSIS = YES;
				CLANG_WARN_STRICT_PROTOTYPES = YES;
				CLANG_WARN_SUSPICIOUS_MOVE = YES;
				CLANG_WARN_UNGUARDED_AVAILABILITY = YES_AGGRESSIVE;
				CLANG_WARN_UNREACHABLE_CODE = YES;
				CLANG_WARN__DUPLICATE_METHOD_MATCH = YES;
				CODE_SIGN_IDENTITY = "iPhone Developer";
				COPY_PHASE_STRIP = NO;
				DEBUG_INFORMATION_FORMAT = "dwarf-with-dsym";
				ENABLE_NS_ASSERTIONS = NO;
				ENABLE_STRICT_OBJC_MSGSEND = YES;
				GCC_C_LANGUAGE_STANDARD = gnu11;
				GCC_NO_COMMON_BLOCKS = YES;
				GCC_WARN_64_TO_32_BIT_CONVERSION = YES;
				GCC_WARN_ABOUT_RETURN_TYPE = YES_ERROR;
				GCC_WARN_UNDECLARED_SELECTOR = YES;
				GCC_WARN_UNINITIALIZED_AUTOS = YES_AGGRESSIVE;
				GCC_WARN_UNUSED_FUNCTION = YES;
				GCC_WARN_UNUSED_VARIABLE = YES;
				IPHONEOS_DEPLOYMENT_TARGET = 11.4;
				MTL_ENABLE_DEBUG_INFO = NO;
				SDKROOT = iphoneos;
				SWIFT_COMPILATION_MODE = wholemodule;
				SWIFT_OPTIMIZATION_LEVEL = "-O";
				VALIDATE_PRODUCT = YES;
			};
			name = Release;
		};
		675424F82129DB9E003D5018 /* Debug */ = {
			isa = XCBuildConfiguration;
			buildSettings = {
				ASSETCATALOG_COMPILER_APPICON_NAME = AppIcon;
				CODE_SIGN_STYLE = Automatic;
				INFOPLIST_FILE = Project6_Udacity_VirtualTourist/Info.plist;
				LD_RUNPATH_SEARCH_PATHS = (
					"$(inherited)",
					"@executable_path/Frameworks",
				);
				PRODUCT_BUNDLE_IDENTIFIER = "FranziskaKammerl.Project6-Udacity-VirtualTourist";
				PRODUCT_NAME = "$(TARGET_NAME)";
				SWIFT_VERSION = 4.0;
				TARGETED_DEVICE_FAMILY = "1,2";
			};
			name = Debug;
		};
		675424F92129DB9E003D5018 /* Release */ = {
			isa = XCBuildConfiguration;
			buildSettings = {
				ASSETCATALOG_COMPILER_APPICON_NAME = AppIcon;
				CODE_SIGN_STYLE = Automatic;
				INFOPLIST_FILE = Project6_Udacity_VirtualTourist/Info.plist;
				LD_RUNPATH_SEARCH_PATHS = (
					"$(inherited)",
					"@executable_path/Frameworks",
				);
				PRODUCT_BUNDLE_IDENTIFIER = "FranziskaKammerl.Project6-Udacity-VirtualTourist";
				PRODUCT_NAME = "$(TARGET_NAME)";
				SWIFT_VERSION = 4.0;
				TARGETED_DEVICE_FAMILY = "1,2";
			};
			name = Release;
		};
/* End XCBuildConfiguration section */

/* Begin XCConfigurationList section */
		675424DD2129DB9A003D5018 /* Build configuration list for PBXProject "Project6_Udacity_VirtualTourist" */ = {
			isa = XCConfigurationList;
			buildConfigurations = (
				675424F52129DB9E003D5018 /* Debug */,
				675424F62129DB9E003D5018 /* Release */,
			);
			defaultConfigurationIsVisible = 0;
			defaultConfigurationName = Release;
		};
		675424F72129DB9E003D5018 /* Build configuration list for PBXNativeTarget "Project6_Udacity_VirtualTourist" */ = {
			isa = XCConfigurationList;
			buildConfigurations = (
				675424F82129DB9E003D5018 /* Debug */,
				675424F92129DB9E003D5018 /* Release */,
			);
			defaultConfigurationIsVisible = 0;
			defaultConfigurationName = Release;
		};
/* End XCConfigurationList section */

/* Begin XCVersionGroup section */
		675424EC2129DB9B003D5018 /* PinsAndPhotos.xcdatamodeld */ = {
			isa = XCVersionGroup;
			children = (
				675424ED2129DB9B003D5018 /* Project6_Udacity_VirtualTourist.xcdatamodel */,
			);
			currentVersion = 675424ED2129DB9B003D5018 /* Project6_Udacity_VirtualTourist.xcdatamodel */;
			path = PinsAndPhotos.xcdatamodeld;
			sourceTree = "<group>";
			versionGroupType = wrapper.xcdatamodel;
		};
/* End XCVersionGroup section */
	};
	rootObject = 675424DA2129DB9A003D5018 /* Project object */;
}
